
Microsoft Visual Studio Solution File, Format Version 12.00
# Visual Studio Version 17
VisualStudioVersion = 17.4.33213.308
MinimumVisualStudioVersion = 10.0.40219.1
Project("{FAE04EC0-301F-11D3-BF4B-00C04F79EFBC}") = "Functions", "Functions\Functions.csproj", "{38A6EB03-5686-4ABA-9D8B-3E757858EFF8}"
EndProject
Project("{FAE04EC0-301F-11D3-BF4B-00C04F79EFBC}") = "ArgumentsAndParameters", "ArgumentsAndParameters\ArgumentsAndParameters.csproj", "{3B25C54C-D06C-481C-85FD-FEE5DF8C45E5}"
EndProject
Project("{FAE04EC0-301F-11D3-BF4B-00C04F79EFBC}") = "Calculator", "Calculator\Calculator.csproj", "{6E52E88D-CCCD-454A-9EF2-452EAE5764A9}"
EndProject
Project("{FAE04EC0-301F-11D3-BF4B-00C04F79EFBC}") = "DIscountCalculator", "DIscountCalculator\DIscountCalculator.csproj", "{3BA4D04A-75F3-45A2-B845-2F1281B36D95}"
EndProject
Project("{FAE04EC0-301F-11D3-BF4B-00C04F79EFBC}") = "Test7", "Test7\Test7.csproj", "{4C2A88D8-DAC8-4714-A5BB-5A37539CCB74}"
EndProject
Global
	GlobalSection(SolutionConfigurationPlatforms) = preSolution
		Debug|Any CPU = Debug|Any CPU
		Release|Any CPU = Release|Any CPU
	EndGlobalSection
	GlobalSection(ProjectConfigurationPlatforms) = postSolution
		{38A6EB03-5686-4ABA-9D8B-3E757858EFF8}.Debug|Any CPU.ActiveCfg = Debug|Any CPU
		{38A6EB03-5686-4ABA-9D8B-3E757858EFF8}.Debug|Any CPU.Build.0 = Debug|Any CPU
		{38A6EB03-5686-4ABA-9D8B-3E757858EFF8}.Release|Any CPU.ActiveCfg = Release|Any CPU
		{38A6EB03-5686-4ABA-9D8B-3E757858EFF8}.Release|Any CPU.Build.0 = Release|Any CPU
		{3B25C54C-D06C-481C-85FD-FEE5DF8C45E5}.Debug|Any CPU.ActiveCfg = Debug|Any CPU
		{3B25C54C-D06C-481C-85FD-FEE5DF8C45E5}.Debug|Any CPU.Build.0 = Debug|Any CPU
		{3B25C54C-D06C-481C-85FD-FEE5DF8C45E5}.Release|Any CPU.ActiveCfg = Release|Any CPU
		{3B25C54C-D06C-481C-85FD-FEE5DF8C45E5}.Release|Any CPU.Build.0 = Release|Any CPU
		{6E52E88D-CCCD-454A-9EF2-452EAE5764A9}.Debug|Any CPU.ActiveCfg = Debug|Any CPU
		{6E52E88D-CCCD-454A-9EF2-452EAE5764A9}.Debug|Any CPU.Build.0 = Debug|Any CPU
		{6E52E88D-CCCD-454A-9EF2-452EAE5764A9}.Release|Any CPU.ActiveCfg = Release|Any CPU
		{6E52E88D-CCCD-454A-9EF2-452EAE5764A9}.Release|Any CPU.Build.0 = Release|Any CPU
		{3BA4D04A-75F3-45A2-B845-2F1281B36D95}.Debug|Any CPU.ActiveCfg = Debug|Any CPU
		{3BA4D04A-75F3-45A2-B845-2F1281B36D95}.Debug|Any CPU.Build.0 = Debug|Any CPU
		{3BA4D04A-75F3-45A2-B845-2F1281B36D95}.Release|Any CPU.ActiveCfg = Release|Any CPU
		{3BA4D04A-75F3-45A2-B845-2F1281B36D95}.Release|Any CPU.Build.0 = Release|Any CPU
		{4C2A88D8-DAC8-4714-A5BB-5A37539CCB74}.Debug|Any CPU.ActiveCfg = Debug|Any CPU
		{4C2A88D8-DAC8-4714-A5BB-5A37539CCB74}.Debug|Any CPU.Build.0 = Debug|Any CPU
		{4C2A88D8-DAC8-4714-A5BB-5A37539CCB74}.Release|Any CPU.ActiveCfg = Release|Any CPU
		{4C2A88D8-DAC8-4714-A5BB-5A37539CCB74}.Release|Any CPU.Build.0 = Release|Any CPU
	EndGlobalSection
	GlobalSection(SolutionProperties) = preSolution
		HideSolutionNode = FALSE
	EndGlobalSection
	GlobalSection(ExtensibilityGlobals) = postSolution
		SolutionGuid = {1A28DD5F-66C6-4CE6-A228-AA5785C656FE}
	EndGlobalSection
EndGlobal
